
Microsoft Visual Studio Solution File, Format Version 12.00
# Visual Studio Version 17
VisualStudioVersion = 17.6.33815.320
MinimumVisualStudioVersion = 10.0.40219.1
Project("{FAE04EC0-301F-11D3-BF4B-00C04F79EFBC}") = "IS", "IS\IS.csproj", "{FE547161-222A-4038-86D4-34D59E7541BD}"
EndProject
Global
	GlobalSection(SolutionConfigurationPlatforms) = preSolution
		Debug|Any CPU = Debug|Any CPU
		Release|Any CPU = Release|Any CPU
	EndGlobalSection
	GlobalSection(ProjectConfigurationPlatforms) = postSolution
		{FE547161-222A-4038-86D4-34D59E7541BD}.Debug|Any CPU.ActiveCfg = Debug|Any CPU
		{FE547161-222A-4038-86D4-34D59E7541BD}.Debug|Any CPU.Build.0 = Debug|Any CPU
		{FE547161-222A-4038-86D4-34D59E7541BD}.Release|Any CPU.ActiveCfg = Release|Any CPU
		{FE547161-222A-4038-86D4-34D59E7541BD}.Release|Any CPU.Build.0 = Release|Any CPU
	EndGlobalSection
	GlobalSection(SolutionProperties) = preSolution
		HideSolutionNode = FALSE
	EndGlobalSection
	GlobalSection(ExtensibilityGlobals) = postSolution
		SolutionGuid = {87DE824E-E761-4441-ABED-8EE39F4C78AE}
	EndGlobalSection
EndGlobal
